
Microsoft Visual Studio Solution File, Format Version 12.00
# Visual Studio Version 17
VisualStudioVersion = 17.0.31903.59
MinimumVisualStudioVersion = 10.0.40219.1
Project("{FAE04EC0-301F-11D3-BF4B-00C04F79EFBC}") = "Paint_App", "Paint_App\Paint_App.csproj", "{CC4B2FF8-55A6-4889-B13C-64A759AD63A9}"
EndProject
Global
	GlobalSection(SolutionConfigurationPlatforms) = preSolution
		Debug|Any CPU = Debug|Any CPU
		Release|Any CPU = Release|Any CPU
	EndGlobalSection
	GlobalSection(ProjectConfigurationPlatforms) = postSolution
		{CC4B2FF8-55A6-4889-B13C-64A759AD63A9}.Debug|Any CPU.ActiveCfg = Debug|Any CPU
		{CC4B2FF8-55A6-4889-B13C-64A759AD63A9}.Debug|Any CPU.Build.0 = Debug|Any CPU
		{CC4B2FF8-55A6-4889-B13C-64A759AD63A9}.Release|Any CPU.ActiveCfg = Release|Any CPU
		{CC4B2FF8-55A6-4889-B13C-64A759AD63A9}.Release|Any CPU.Build.0 = Release|Any CPU
	EndGlobalSection
	GlobalSection(SolutionProperties) = preSolution
		HideSolutionNode = FALSE
	EndGlobalSection
	GlobalSection(ExtensibilityGlobals) = postSolution
		SolutionGuid = {C5F1632E-95D6-45C7-B5F1-B3741F61FDC2}
	EndGlobalSection
EndGlobal
